
Microsoft Visual Studio Solution File, Format Version 12.00
# Visual Studio Version 16
VisualStudioVersion = 16.0.30002.166
MinimumVisualStudioVersion = 10.0.40219.1
Project("{FAE04EC0-301F-11D3-BF4B-00C04F79EFBC}") = "Console", "MongoDB\Console.csproj", "{CC0F23DA-6E29-400A-AEE5-972B09547AF5}"
EndProject
Project("{FAE04EC0-301F-11D3-BF4B-00C04F79EFBC}") = "Model", "Model\Model.csproj", "{936575D1-2E6B-4547-B574-56C00BDED905}"
EndProject
Project("{FAE04EC0-301F-11D3-BF4B-00C04F79EFBC}") = "DAL", "DAL\DAL.csproj", "{86E9E2B0-36FA-4A6F-9E87-8A890B107045}"
EndProject
Global
	GlobalSection(SolutionConfigurationPlatforms) = preSolution
		Debug|Any CPU = Debug|Any CPU
		Release|Any CPU = Release|Any CPU
	EndGlobalSection
	GlobalSection(ProjectConfigurationPlatforms) = postSolution
		{CC0F23DA-6E29-400A-AEE5-972B09547AF5}.Debug|Any CPU.ActiveCfg = Debug|Any CPU
		{CC0F23DA-6E29-400A-AEE5-972B09547AF5}.Debug|Any CPU.Build.0 = Debug|Any CPU
		{CC0F23DA-6E29-400A-AEE5-972B09547AF5}.Release|Any CPU.ActiveCfg = Release|Any CPU
		{CC0F23DA-6E29-400A-AEE5-972B09547AF5}.Release|Any CPU.Build.0 = Release|Any CPU
		{936575D1-2E6B-4547-B574-56C00BDED905}.Debug|Any CPU.ActiveCfg = Debug|Any CPU
		{936575D1-2E6B-4547-B574-56C00BDED905}.Debug|Any CPU.Build.0 = Debug|Any CPU
		{936575D1-2E6B-4547-B574-56C00BDED905}.Release|Any CPU.ActiveCfg = Release|Any CPU
		{936575D1-2E6B-4547-B574-56C00BDED905}.Release|Any CPU.Build.0 = Release|Any CPU
		{86E9E2B0-36FA-4A6F-9E87-8A890B107045}.Debug|Any CPU.ActiveCfg = Debug|Any CPU
		{86E9E2B0-36FA-4A6F-9E87-8A890B107045}.Debug|Any CPU.Build.0 = Debug|Any CPU
		{86E9E2B0-36FA-4A6F-9E87-8A890B107045}.Release|Any CPU.ActiveCfg = Release|Any CPU
		{86E9E2B0-36FA-4A6F-9E87-8A890B107045}.Release|Any CPU.Build.0 = Release|Any CPU
	EndGlobalSection
	GlobalSection(SolutionProperties) = preSolution
		HideSolutionNode = FALSE
	EndGlobalSection
	GlobalSection(ExtensibilityGlobals) = postSolution
		SolutionGuid = {A0E0E3C8-823C-46E8-96F6-1717403DDAB9}
	EndGlobalSection
EndGlobal
